
Microsoft Visual Studio Solution File, Format Version 12.00
# Visual Studio Version 17
VisualStudioVersion = 17.9.34728.123
MinimumVisualStudioVersion = 10.0.40219.1
Project("{FAE04EC0-301F-11D3-BF4B-00C04F79EFBC}") = "ASPWebExamBelsky", "ASPWebExamBelsky\ASPWebExamBelsky.csproj", "{678DD1F4-7880-4A0C-BDEB-854DBD62A7D8}"
EndProject
Global
	GlobalSection(SolutionConfigurationPlatforms) = preSolution
		Debug|Any CPU = Debug|Any CPU
		Release|Any CPU = Release|Any CPU
	EndGlobalSection
	GlobalSection(ProjectConfigurationPlatforms) = postSolution
		{678DD1F4-7880-4A0C-BDEB-854DBD62A7D8}.Debug|Any CPU.ActiveCfg = Debug|Any CPU
		{678DD1F4-7880-4A0C-BDEB-854DBD62A7D8}.Debug|Any CPU.Build.0 = Debug|Any CPU
		{678DD1F4-7880-4A0C-BDEB-854DBD62A7D8}.Release|Any CPU.ActiveCfg = Release|Any CPU
		{678DD1F4-7880-4A0C-BDEB-854DBD62A7D8}.Release|Any CPU.Build.0 = Release|Any CPU
	EndGlobalSection
	GlobalSection(SolutionProperties) = preSolution
		HideSolutionNode = FALSE
	EndGlobalSection
	GlobalSection(ExtensibilityGlobals) = postSolution
		SolutionGuid = {F156BE0F-87CF-45BB-A7FE-E344A43680AE}
	EndGlobalSection
EndGlobal
